
Microsoft Visual Studio Solution File, Format Version 12.00
# Visual Studio Version 16
VisualStudioVersion = 16.0.30517.126
MinimumVisualStudioVersion = 10.0.40219.1
Project("{FAE04EC0-301F-11D3-BF4B-00C04F79EFBC}") = "Arboles_CSharp", "Arboles_CSharp\Arboles_CSharp.csproj", "{9D6C2F1B-E536-4273-B5AE-4C2BEDF46E2C}"
EndProject
Global
	GlobalSection(SolutionConfigurationPlatforms) = preSolution
		Debug|Any CPU = Debug|Any CPU
		Release|Any CPU = Release|Any CPU
	EndGlobalSection
	GlobalSection(ProjectConfigurationPlatforms) = postSolution
		{9D6C2F1B-E536-4273-B5AE-4C2BEDF46E2C}.Debug|Any CPU.ActiveCfg = Debug|Any CPU
		{9D6C2F1B-E536-4273-B5AE-4C2BEDF46E2C}.Debug|Any CPU.Build.0 = Debug|Any CPU
		{9D6C2F1B-E536-4273-B5AE-4C2BEDF46E2C}.Release|Any CPU.ActiveCfg = Release|Any CPU
		{9D6C2F1B-E536-4273-B5AE-4C2BEDF46E2C}.Release|Any CPU.Build.0 = Release|Any CPU
	EndGlobalSection
	GlobalSection(SolutionProperties) = preSolution
		HideSolutionNode = FALSE
	EndGlobalSection
	GlobalSection(ExtensibilityGlobals) = postSolution
		SolutionGuid = {6EDA45EA-4A32-4F76-B9BA-F922BF2B4048}
	EndGlobalSection
EndGlobal
