
Microsoft Visual Studio Solution File, Format Version 12.00
# Visual Studio Version 16
VisualStudioVersion = 16.0.29613.14
MinimumVisualStudioVersion = 10.0.40219.1
Project("{FAE04EC0-301F-11D3-BF4B-00C04F79EFBC}") = "U1_01_HolaMundo", "U1_01_HolaMundo.csproj", "{F4728268-7A57-43ED-BF21-ECA418E6A652}"
EndProject
Global
	GlobalSection(SolutionConfigurationPlatforms) = preSolution
		Debug|Any CPU = Debug|Any CPU
		Release|Any CPU = Release|Any CPU
	EndGlobalSection
	GlobalSection(ProjectConfigurationPlatforms) = postSolution
		{F4728268-7A57-43ED-BF21-ECA418E6A652}.Debug|Any CPU.ActiveCfg = Debug|Any CPU
		{F4728268-7A57-43ED-BF21-ECA418E6A652}.Debug|Any CPU.Build.0 = Debug|Any CPU
		{F4728268-7A57-43ED-BF21-ECA418E6A652}.Release|Any CPU.ActiveCfg = Release|Any CPU
		{F4728268-7A57-43ED-BF21-ECA418E6A652}.Release|Any CPU.Build.0 = Release|Any CPU
	EndGlobalSection
	GlobalSection(SolutionProperties) = preSolution
		HideSolutionNode = FALSE
	EndGlobalSection
	GlobalSection(ExtensibilityGlobals) = postSolution
		SolutionGuid = {A139C6D0-A8E9-4541-A0D2-D02FD0B4D9DF}
	EndGlobalSection
EndGlobal
